
Microsoft Visual Studio Solution File, Format Version 12.00
# Visual Studio Version 16
VisualStudioVersion = 16.0.30128.74
MinimumVisualStudioVersion = 10.0.40219.1
Project("{888888A0-9F3D-457C-B088-3A5042F75D52}") = "CAPSIM tools", "CAPSIM tools.pyproj", "{1D50EB08-DE8C-4858-BD11-40753A52F5AB}"
EndProject
Global
	GlobalSection(SolutionConfigurationPlatforms) = preSolution
		Debug|Any CPU = Debug|Any CPU
		Release|Any CPU = Release|Any CPU
	EndGlobalSection
	GlobalSection(ProjectConfigurationPlatforms) = postSolution
		{1D50EB08-DE8C-4858-BD11-40753A52F5AB}.Debug|Any CPU.ActiveCfg = Debug|Any CPU
		{1D50EB08-DE8C-4858-BD11-40753A52F5AB}.Release|Any CPU.ActiveCfg = Release|Any CPU
	EndGlobalSection
	GlobalSection(SolutionProperties) = preSolution
		HideSolutionNode = FALSE
	EndGlobalSection
	GlobalSection(ExtensibilityGlobals) = postSolution
		SolutionGuid = {E06C64E8-CBDE-45CC-AFA9-092E299874D7}
	EndGlobalSection
EndGlobal
